
Microsoft Visual Studio Solution File, Format Version 12.00
# Visual Studio Version 17
VisualStudioVersion = 17.10.35013.160
MinimumVisualStudioVersion = 10.0.40219.1
Project("{FAE04EC0-301F-11D3-BF4B-00C04F79EFBC}") = "WikiServer.Api", "WikiServer.Api\WikiServer.Api.csproj", "{AE3E7EE4-C284-48A7-9A0E-80B6E45DE70F}"
EndProject
Global
	GlobalSection(SolutionConfigurationPlatforms) = preSolution
		Debug|Any CPU = Debug|Any CPU
		Release|Any CPU = Release|Any CPU
	EndGlobalSection
	GlobalSection(ProjectConfigurationPlatforms) = postSolution
		{AE3E7EE4-C284-48A7-9A0E-80B6E45DE70F}.Debug|Any CPU.ActiveCfg = Debug|Any CPU
		{AE3E7EE4-C284-48A7-9A0E-80B6E45DE70F}.Debug|Any CPU.Build.0 = Debug|Any CPU
		{AE3E7EE4-C284-48A7-9A0E-80B6E45DE70F}.Release|Any CPU.ActiveCfg = Release|Any CPU
		{AE3E7EE4-C284-48A7-9A0E-80B6E45DE70F}.Release|Any CPU.Build.0 = Release|Any CPU
	EndGlobalSection
	GlobalSection(SolutionProperties) = preSolution
		HideSolutionNode = FALSE
	EndGlobalSection
	GlobalSection(ExtensibilityGlobals) = postSolution
		SolutionGuid = {86454309-B47F-4D82-90C4-2EB5A0D38341}
	EndGlobalSection
EndGlobal
