
Microsoft Visual Studio Solution File, Format Version 12.00
# Visual Studio Version 17
VisualStudioVersion = 17.10.35013.160
MinimumVisualStudioVersion = 10.0.40219.1
Project("{9A19103F-16F7-4668-BE54-9A1E7A4F7556}") = "WikiServer.Api", "WikiServer.Api\WikiServer.Api.csproj", "{AE3E7EE4-C284-48A7-9A0E-80B6E45DE70F}"
EndProject
Project("{FAE04EC0-301F-11D3-BF4B-00C04F79EFBC}") = "WikiServer.Domain", "WikiServer.Domain\WikiServer.Domain.csproj", "{4A4E5A27-F01C-4AB7-8F0D-363980B6027F}"
EndProject
Project("{FAE04EC0-301F-11D3-BF4B-00C04F79EFBC}") = "WikiServer.Infrastructure", "WikiServer.Infrastructure\WikiServer.Infrastructure.csproj", "{13FB5729-9AFE-4188-8E7B-D3147EE57F5B}"
EndProject
Project("{FAE04EC0-301F-11D3-BF4B-00C04F79EFBC}") = "WikiServer.Application", "WikiServer.Application\WikiServer.Application.csproj", "{3A60B66F-3AC0-4BAD-97CD-F6E268822516}"
EndProject
Global
	GlobalSection(SolutionConfigurationPlatforms) = preSolution
		Debug|Any CPU = Debug|Any CPU
		Release|Any CPU = Release|Any CPU
	EndGlobalSection
	GlobalSection(ProjectConfigurationPlatforms) = postSolution
		{AE3E7EE4-C284-48A7-9A0E-80B6E45DE70F}.Debug|Any CPU.ActiveCfg = Debug|Any CPU
		{AE3E7EE4-C284-48A7-9A0E-80B6E45DE70F}.Debug|Any CPU.Build.0 = Debug|Any CPU
		{AE3E7EE4-C284-48A7-9A0E-80B6E45DE70F}.Release|Any CPU.ActiveCfg = Release|Any CPU
		{AE3E7EE4-C284-48A7-9A0E-80B6E45DE70F}.Release|Any CPU.Build.0 = Release|Any CPU
		{4A4E5A27-F01C-4AB7-8F0D-363980B6027F}.Debug|Any CPU.ActiveCfg = Debug|Any CPU
		{4A4E5A27-F01C-4AB7-8F0D-363980B6027F}.Debug|Any CPU.Build.0 = Debug|Any CPU
		{4A4E5A27-F01C-4AB7-8F0D-363980B6027F}.Release|Any CPU.ActiveCfg = Release|Any CPU
		{4A4E5A27-F01C-4AB7-8F0D-363980B6027F}.Release|Any CPU.Build.0 = Release|Any CPU
		{13FB5729-9AFE-4188-8E7B-D3147EE57F5B}.Debug|Any CPU.ActiveCfg = Debug|Any CPU
		{13FB5729-9AFE-4188-8E7B-D3147EE57F5B}.Debug|Any CPU.Build.0 = Debug|Any CPU
		{13FB5729-9AFE-4188-8E7B-D3147EE57F5B}.Release|Any CPU.ActiveCfg = Release|Any CPU
		{13FB5729-9AFE-4188-8E7B-D3147EE57F5B}.Release|Any CPU.Build.0 = Release|Any CPU
		{3A60B66F-3AC0-4BAD-97CD-F6E268822516}.Debug|Any CPU.ActiveCfg = Debug|Any CPU
		{3A60B66F-3AC0-4BAD-97CD-F6E268822516}.Debug|Any CPU.Build.0 = Debug|Any CPU
		{3A60B66F-3AC0-4BAD-97CD-F6E268822516}.Release|Any CPU.ActiveCfg = Release|Any CPU
		{3A60B66F-3AC0-4BAD-97CD-F6E268822516}.Release|Any CPU.Build.0 = Release|Any CPU
	EndGlobalSection
	GlobalSection(SolutionProperties) = preSolution
		HideSolutionNode = FALSE
	EndGlobalSection
	GlobalSection(ExtensibilityGlobals) = postSolution
		SolutionGuid = {86454309-B47F-4D82-90C4-2EB5A0D38341}
	EndGlobalSection
EndGlobal
